
Microsoft Visual Studio Solution File, Format Version 12.00
# Visual Studio Version 17
VisualStudioVersion = 17.7.34031.279
MinimumVisualStudioVersion = 10.0.40219.1
Project("{8BC9CEB8-8B4A-11D0-8D11-00A0C91BC942}") = "BIT-6-P72", "BIT-6-P72\BIT-6-P72.vcxproj", "{892AAC2C-C3B2-4275-AA30-C2DC76AE3DDA}"
EndProject
Global
	GlobalSection(SolutionConfigurationPlatforms) = preSolution
		Debug|x64 = Debug|x64
		Debug|x86 = Debug|x86
		Release|x64 = Release|x64
		Release|x86 = Release|x86
	EndGlobalSection
	GlobalSection(ProjectConfigurationPlatforms) = postSolution
		{892AAC2C-C3B2-4275-AA30-C2DC76AE3DDA}.Debug|x64.ActiveCfg = Debug|x64
		{892AAC2C-C3B2-4275-AA30-C2DC76AE3DDA}.Debug|x64.Build.0 = Debug|x64
		{892AAC2C-C3B2-4275-AA30-C2DC76AE3DDA}.Debug|x86.ActiveCfg = Debug|Win32
		{892AAC2C-C3B2-4275-AA30-C2DC76AE3DDA}.Debug|x86.Build.0 = Debug|Win32
		{892AAC2C-C3B2-4275-AA30-C2DC76AE3DDA}.Release|x64.ActiveCfg = Release|x64
		{892AAC2C-C3B2-4275-AA30-C2DC76AE3DDA}.Release|x64.Build.0 = Release|x64
		{892AAC2C-C3B2-4275-AA30-C2DC76AE3DDA}.Release|x86.ActiveCfg = Release|Win32
		{892AAC2C-C3B2-4275-AA30-C2DC76AE3DDA}.Release|x86.Build.0 = Release|Win32
	EndGlobalSection
	GlobalSection(SolutionProperties) = preSolution
		HideSolutionNode = FALSE
	EndGlobalSection
	GlobalSection(ExtensibilityGlobals) = postSolution
		SolutionGuid = {60A6C869-68CF-4B49-989C-E40282E47BF9}
	EndGlobalSection
EndGlobal
